
Microsoft Visual Studio Solution File, Format Version 12.00
# Visual Studio Version 17
VisualStudioVersion = 17.5.33516.290
MinimumVisualStudioVersion = 10.0.40219.1
Project("{9A19103F-16F7-4668-BE54-9A1E7A4F7556}") = "KinKanMai", "KinKanMai.csproj", "{768D8874-FEC7-43F8-9BA6-46B1079A0B83}"
EndProject
Global
	GlobalSection(SolutionConfigurationPlatforms) = preSolution
		Debug|Any CPU = Debug|Any CPU
		Release|Any CPU = Release|Any CPU
	EndGlobalSection
	GlobalSection(ProjectConfigurationPlatforms) = postSolution
		{768D8874-FEC7-43F8-9BA6-46B1079A0B83}.Debug|Any CPU.ActiveCfg = Debug|Any CPU
		{768D8874-FEC7-43F8-9BA6-46B1079A0B83}.Debug|Any CPU.Build.0 = Debug|Any CPU
		{768D8874-FEC7-43F8-9BA6-46B1079A0B83}.Release|Any CPU.ActiveCfg = Release|Any CPU
		{768D8874-FEC7-43F8-9BA6-46B1079A0B83}.Release|Any CPU.Build.0 = Release|Any CPU
	EndGlobalSection
	GlobalSection(SolutionProperties) = preSolution
		HideSolutionNode = FALSE
	EndGlobalSection
	GlobalSection(ExtensibilityGlobals) = postSolution
		SolutionGuid = {5BA6CFFE-D5BD-4D31-BE88-C7ECB5985A27}
	EndGlobalSection
EndGlobal
